github.com/FabianWe/etherpadlite-golang v1.1.0 h1:xOE9peUxn6zdHM40WQeELzUG/qdmISe+tTHT9XF88bA=
github.com/FabianWe/etherpadlite-golang v1.1.0/go.mod h1:Fb4NJ3cDFiNm7jo4aSx+DRyNRIWWU1zrxCOiXdtFWKM=
github.com/joho/godotenv v1.4.0 h1:3l4+N6zfMWnkbPEXKng2o2/MR5mSwTrBih4ZEkkz1lg=
github.com/joho/godotenv v1.4.0/go.mod h1:f4LDr5Voq0i2e/R5DDNOoa2zzDfwtkZa6DnEwAbqwq4=
golang.org/x/sync v0.0.0-20210220032951-036812b2e83c h1:5KslGYwFpkhGh+Q16bwMP3cOontH8FOep7tGV86Y7SQ=
golang.org/x/sync v0.0.0-20210220032951-036812b2e83c/go.mod h1:RxMgew5VJxzue5/jJTE5uejpjVlOe/izrB70Jof72aM=
